
Microsoft Visual Studio Solution File, Format Version 12.00
# Visual Studio Version 17
VisualStudioVersion = 17.14.36414.22
MinimumVisualStudioVersion = 10.0.40219.1
Project("{2150E333-8FDC-42A3-9474-1A3956D46DE8}") = "Solution Items", "Solution Items", "{8EC462FD-D22E-90A8-E5CE-7E832BA40C5D}"
	ProjectSection(SolutionItems) = preProject
		.dockerignore = .dockerignore
		K8s\clusterip.yaml = K8s\clusterip.yaml
		K8s\configmap.yaml = K8s\configmap.yaml
		K8s\Dashboard-admin.yaml = K8s\Dashboard-admin.yaml
		K8s\deployment.yaml = K8s\deployment.yaml
		K8s\ingress.yaml = K8s\ingress.yaml
		K8s\kind-config.yaml = K8s\kind-config.yaml
		K8s\Nodeport.yaml = K8s\Nodeport.yaml
		K8s\secrets.yaml = K8s\secrets.yaml
	EndProjectSection
EndProject
Project("{FAE04EC0-301F-11D3-BF4B-00C04F79EFBC}") = "MyApi", "MyApi\MyApi.csproj", "{2851F363-8543-EE7A-E8D4-D4503AA25384}"
EndProject
Global
	GlobalSection(SolutionConfigurationPlatforms) = preSolution
		Debug|Any CPU = Debug|Any CPU
		Release|Any CPU = Release|Any CPU
	EndGlobalSection
	GlobalSection(ProjectConfigurationPlatforms) = postSolution
		{2851F363-8543-EE7A-E8D4-D4503AA25384}.Debug|Any CPU.ActiveCfg = Debug|Any CPU
		{2851F363-8543-EE7A-E8D4-D4503AA25384}.Debug|Any CPU.Build.0 = Debug|Any CPU
		{2851F363-8543-EE7A-E8D4-D4503AA25384}.Release|Any CPU.ActiveCfg = Release|Any CPU
		{2851F363-8543-EE7A-E8D4-D4503AA25384}.Release|Any CPU.Build.0 = Release|Any CPU
	EndGlobalSection
	GlobalSection(SolutionProperties) = preSolution
		HideSolutionNode = FALSE
	EndGlobalSection
	GlobalSection(ExtensibilityGlobals) = postSolution
		SolutionGuid = {BD03A3F6-7BF2-4F1D-A190-EF7467AA53A1}
	EndGlobalSection
EndGlobal
